
Microsoft Visual Studio Solution File, Format Version 12.00
# Visual Studio 15
VisualStudioVersion = 15.0.28010.2036
MinimumVisualStudioVersion = 10.0.40219.1
Project("{FAE04EC0-301F-11D3-BF4B-00C04F79EFBC}") = "SamosShelter", "SamosShelter\SamosShelter.csproj", "{45E2AF14-3E13-4CDA-A86A-5219C1318560}"
EndProject
Global
	GlobalSection(SolutionConfigurationPlatforms) = preSolution
		Debug|Any CPU = Debug|Any CPU
		Release|Any CPU = Release|Any CPU
	EndGlobalSection
	GlobalSection(ProjectConfigurationPlatforms) = postSolution
		{45E2AF14-3E13-4CDA-A86A-5219C1318560}.Debug|Any CPU.ActiveCfg = Debug|Any CPU
		{45E2AF14-3E13-4CDA-A86A-5219C1318560}.Debug|Any CPU.Build.0 = Debug|Any CPU
		{45E2AF14-3E13-4CDA-A86A-5219C1318560}.Release|Any CPU.ActiveCfg = Release|Any CPU
		{45E2AF14-3E13-4CDA-A86A-5219C1318560}.Release|Any CPU.Build.0 = Release|Any CPU
	EndGlobalSection
	GlobalSection(SolutionProperties) = preSolution
		HideSolutionNode = FALSE
	EndGlobalSection
	GlobalSection(ExtensibilityGlobals) = postSolution
		SolutionGuid = {36CC64CE-C82B-4A25-9B71-A0E4464F27E6}
	EndGlobalSection
EndGlobal
